{
  "requires": true,
  "lockfileVersion": 1,
  "dependencies": {
    "zora": {
      "version": "4.0.1",
      "resolved": "https://registry.npmjs.org/zora/-/zora-4.0.1.tgz",
      "integrity": "sha512-wHn3TYPABlDyzpLV+qYshYPnpQUvBvcBxw5GJ8Z4wbIynbJaC3QdV48D4/SqtPk5A7F6OJCb6t8PmsHtsnMWtA==",
      "dev": true
    }
  }
}
